{
  "name": "demo",
  "version": "1.0.0",
  "lockfileVersion": 1,
  "requires": true,
  "dependencies": {
    "angular": {
      "version": "1.6.8",
      "resolved": "https://registry.npmjs.org/angular/-/angular-1.6.8.tgz",
      "integrity": "sha512-9WErZIOw1Cu1V5Yxdvxz/6YpND8ntdP71fdPpufPFJvZodZXqCjQBYrHqEoMZreO5i84O3D/Jw/vepoFt68Azw=="
    },
    "angular-animate": {
      "version": "1.6.8",
      "resolved": "https://registry.npmjs.org/angular-animate/-/angular-animate-1.6.8.tgz",
      "integrity": "sha512-zKaq9vtJ+QPV6q159mJkb6uKa3SiTe0PXj+W9WO3cDhLly8LuQHYRteAAD3/SqlS7GMq2SFlJvs7VQduPJpUQw=="
    },
    "angular-mock": {
      "version": "1.0.0",
      "resolved": "https://registry.npmjs.org/angular-mock/-/angular-mock-1.0.0.tgz",
      "integrity": "sha1-Z0MYSb8K3SJbHUngp3Flmks2C6U="
    },
    "angular-mocks": {
      "version": "1.6.8",
      "resolved": "https://registry.npmjs.org/angular-mocks/-/angular-mocks-1.6.8.tgz",
      "integrity": "sha512-yuP+PnUqOVh1ewIWAxBHOTowl/JNpTRFcVPKmIm+AZfQLU/jJxz4om4FgQY5udlIRLcbwPeXEx/TbamfC7Md9w=="
    },
    "angular-route": {
      "version": "1.6.8",
      "resolved": "https://registry.npmjs.org/angular-route/-/angular-route-1.6.8.tgz",
      "integrity": "sha512-6PlZVc9SRkzYdinL8urilbA/6RmbKdaGrgAKWo2XXgblOHLxguWcYcqYXPUdlMVbMYZuubI+OzTXMa2zol18AQ=="
    },
    "angular-ui-router": {
      "version": "0.4.3",
      "resolved": "https://registry.npmjs.org/angular-ui-router/-/angular-ui-router-0.4.3.tgz",
      "integrity": "sha512-EGBG7G7ArFVkJPM+ZIgPKuMYuT16UQrr3zj3BEiXHKwxss867bGt3u7QD9g4BxR+K2qQOSWok6JGvgTWXAko3A==",
      "requires": {
        "angular": "1.6.8"
      }
    },
    "bootstrap": {
      "version": "4.0.0",
      "resolved": "https://registry.npmjs.org/bootstrap/-/bootstrap-4.0.0.tgz",
      "integrity": "sha512-gulJE5dGFo6Q61V/whS6VM4WIyrlydXfCgkE+Gxe5hjrJ8rXLLZlALq7zq2RPhOc45PSwQpJkrTnc2KgD6cvmA=="
    },
    "jasmine-core": {
      "version": "2.9.1",
      "resolved": "https://registry.npmjs.org/jasmine-core/-/jasmine-core-2.9.1.tgz",
      "integrity": "sha1-trvB2OZSUNVvWIhGFwXr7uuI8i8="
    },
    "jquery": {
      "version": "3.3.1",
      "resolved": "https://registry.npmjs.org/jquery/-/jquery-3.3.1.tgz",
      "integrity": "sha512-Ubldcmxp5np52/ENotGxlLe6aGMvmF4R8S6tZjsP6Knsaxd/xp3Zrh50cG93lR6nPXyUFwzN3ZSOQI0wRJNdGg=="
    },
    "jquery-ui": {
      "version": "1.12.1",
      "resolved": "https://registry.npmjs.org/jquery-ui/-/jquery-ui-1.12.1.tgz",
      "integrity": "sha1-vLQEXI3QU5wTS8FIjN0+dop6nlE="
    },
    "karma-jasmine": {
      "version": "1.1.1",
      "resolved": "https://registry.npmjs.org/karma-jasmine/-/karma-jasmine-1.1.1.tgz",
      "integrity": "sha1-b+hA51oRYAydkehLM8RY4cRqNSk="
    }
  }
}
